
Microsoft Visual Studio Solution File, Format Version 12.00
# Visual Studio Version 16
VisualStudioVersion = 16.0.29123.88
MinimumVisualStudioVersion = 10.0.40219.1
Project("{6EC3EE1D-3C4E-46DD-8F32-0CC8E7565705}") = "FP_labs", "FP_labs\FP_labs.fsproj", "{54396679-921F-41BA-BF41-1A38E01E1641}"
EndProject
Project("{F2A71F9B-5D33-465A-A702-920D77279786}") = "LSystems", "LSystems\LSystems.fsproj", "{5AE7A268-68E3-4228-8959-AC02E246C25E}"
EndProject
Global
	GlobalSection(SolutionConfigurationPlatforms) = preSolution
		Debug|Any CPU = Debug|Any CPU
		Release|Any CPU = Release|Any CPU
	EndGlobalSection
	GlobalSection(ProjectConfigurationPlatforms) = postSolution
		{54396679-921F-41BA-BF41-1A38E01E1641}.Debug|Any CPU.ActiveCfg = Debug|Any CPU
		{54396679-921F-41BA-BF41-1A38E01E1641}.Debug|Any CPU.Build.0 = Debug|Any CPU
		{54396679-921F-41BA-BF41-1A38E01E1641}.Release|Any CPU.ActiveCfg = Release|Any CPU
		{54396679-921F-41BA-BF41-1A38E01E1641}.Release|Any CPU.Build.0 = Release|Any CPU
		{5AE7A268-68E3-4228-8959-AC02E246C25E}.Debug|Any CPU.ActiveCfg = Debug|Any CPU
		{5AE7A268-68E3-4228-8959-AC02E246C25E}.Debug|Any CPU.Build.0 = Debug|Any CPU
		{5AE7A268-68E3-4228-8959-AC02E246C25E}.Release|Any CPU.ActiveCfg = Release|Any CPU
		{5AE7A268-68E3-4228-8959-AC02E246C25E}.Release|Any CPU.Build.0 = Release|Any CPU
	EndGlobalSection
	GlobalSection(SolutionProperties) = preSolution
		HideSolutionNode = FALSE
	EndGlobalSection
	GlobalSection(ExtensibilityGlobals) = postSolution
		SolutionGuid = {5AD074AC-454D-4795-9C0C-99800BB53FEC}
	EndGlobalSection
EndGlobal
